
Microsoft Visual Studio Solution File, Format Version 12.00
# Visual Studio Version 16
VisualStudioVersion = 16.0.33529.622
MinimumVisualStudioVersion = 10.0.40219.1
Project("{FAE04EC0-301F-11D3-BF4B-00C04F79EFBC}") = "KFC[POS]", "KFC[POS].csproj", "{16CE2834-7CBD-4BE1-83FC-CF275FA2C2D2}"
EndProject
Global
	GlobalSection(SolutionConfigurationPlatforms) = preSolution
		Debug|Any CPU = Debug|Any CPU
		Release|Any CPU = Release|Any CPU
	EndGlobalSection
	GlobalSection(ProjectConfigurationPlatforms) = postSolution
		{16CE2834-7CBD-4BE1-83FC-CF275FA2C2D2}.Debug|Any CPU.ActiveCfg = Debug|Any CPU
		{16CE2834-7CBD-4BE1-83FC-CF275FA2C2D2}.Debug|Any CPU.Build.0 = Debug|Any CPU
		{16CE2834-7CBD-4BE1-83FC-CF275FA2C2D2}.Release|Any CPU.ActiveCfg = Release|Any CPU
		{16CE2834-7CBD-4BE1-83FC-CF275FA2C2D2}.Release|Any CPU.Build.0 = Release|Any CPU
	EndGlobalSection
	GlobalSection(SolutionProperties) = preSolution
		HideSolutionNode = FALSE
	EndGlobalSection
	GlobalSection(ExtensibilityGlobals) = postSolution
		SolutionGuid = {18013739-D902-480D-A87A-33F31707D10D}
	EndGlobalSection
EndGlobal
